
Microsoft Visual Studio Solution File, Format Version 12.00
# Visual Studio Version 17
VisualStudioVersion = 17.11.35219.272
MinimumVisualStudioVersion = 10.0.40219.1
Project("{FAE04EC0-301F-11D3-BF4B-00C04F79EFBC}") = "CORTE1", "CORTE1.csproj", "{746733F8-F81B-423F-824A-EF883A28EE25}"
EndProject
Global
	GlobalSection(SolutionConfigurationPlatforms) = preSolution
		Debug|Any CPU = Debug|Any CPU
		Release|Any CPU = Release|Any CPU
	EndGlobalSection
	GlobalSection(ProjectConfigurationPlatforms) = postSolution
		{746733F8-F81B-423F-824A-EF883A28EE25}.Debug|Any CPU.ActiveCfg = Debug|Any CPU
		{746733F8-F81B-423F-824A-EF883A28EE25}.Debug|Any CPU.Build.0 = Debug|Any CPU
		{746733F8-F81B-423F-824A-EF883A28EE25}.Release|Any CPU.ActiveCfg = Release|Any CPU
		{746733F8-F81B-423F-824A-EF883A28EE25}.Release|Any CPU.Build.0 = Release|Any CPU
	EndGlobalSection
	GlobalSection(SolutionProperties) = preSolution
		HideSolutionNode = FALSE
	EndGlobalSection
	GlobalSection(ExtensibilityGlobals) = postSolution
		SolutionGuid = {902A9857-5E76-4985-A7FB-33996A475BC3}
	EndGlobalSection
EndGlobal
